// !$*UTF8*$!
{
	archiveVersion = 1;
	classes = {
	};
	objectVersion = 50;
	objects = {

/* Begin PBXBuildFile section */
		172DCB0923A0E9DB006D3343 /* Enum.swift in Sources */ = {isa = PBXBuildFile; fileRef = 172DCB0823A0E9DB006D3343 /* Enum.swift */; };
		17405AB3239E542D0004BCD3 /* AppDelegate.swift in Sources */ = {isa = PBXBuildFile; fileRef = 17405AB2239E542D0004BCD3 /* AppDelegate.swift */; };
		17405AB8239E542D0004BCD3 /* Main.storyboard in Resources */ = {isa = PBXBuildFile; fileRef = 17405AB6239E542D0004BCD3 /* Main.storyboard */; };
		17405ABB239E542D0004BCD3 /* sensiblecar.xcdatamodeld in Sources */ = {isa = PBXBuildFile; fileRef = 17405AB9239E542D0004BCD3 /* sensiblecar.xcdatamodeld */; };
		17405ABD239E542F0004BCD3 /* Assets.xcassets in Resources */ = {isa = PBXBuildFile; fileRef = 17405ABC239E542F0004BCD3 /* Assets.xcassets */; };
		17405AC0239E542F0004BCD3 /* LaunchScreen.storyboard in Resources */ = {isa = PBXBuildFile; fileRef = 17405ABE239E542F0004BCD3 /* LaunchScreen.storyboard */; };
		17405AC9239E54930004BCD3 /* Car.swift in Sources */ = {isa = PBXBuildFile; fileRef = 17405AC8239E54930004BCD3 /* Car.swift */; };
		17405ACB239E54B10004BCD3 /* GameOverScene.swift in Sources */ = {isa = PBXBuildFile; fileRef = 17405ACA239E54B10004BCD3 /* GameOverScene.swift */; };
		17405ACD239E54D10004BCD3 /* MainMenuScene.swift in Sources */ = {isa = PBXBuildFile; fileRef = 17405ACC239E54D10004BCD3 /* MainMenuScene.swift */; };
		17405ACF239E54EF0004BCD3 /* GameScene.swift in Sources */ = {isa = PBXBuildFile; fileRef = 17405ACE239E54EF0004BCD3 /* GameScene.swift */; };
		17405AD1239E55130004BCD3 /* CoreDataManager.swift in Sources */ = {isa = PBXBuildFile; fileRef = 17405AD0239E55130004BCD3 /* CoreDataManager.swift */; };
		17405AD3239E55280004BCD3 /* GameViewController.swift in Sources */ = {isa = PBXBuildFile; fileRef = 17405AD2239E55280004BCD3 /* GameViewController.swift */; };
		17405AD8239E562C0004BCD3 /* GameScene.sks in Resources */ = {isa = PBXBuildFile; fileRef = 17405AD4239E562C0004BCD3 /* GameScene.sks */; };
		17405AD9239E562C0004BCD3 /* Actions.sks in Resources */ = {isa = PBXBuildFile; fileRef = 17405AD5239E562C0004BCD3 /* Actions.sks */; };
		17405ADA239E562C0004BCD3 /* MainMenuScene.sks in Resources */ = {isa = PBXBuildFile; fileRef = 17405AD6239E562C0004BCD3 /* MainMenuScene.sks */; };
		17405ADB239E562C0004BCD3 /* Smoke.sks in Resources */ = {isa = PBXBuildFile; fileRef = 17405AD7239E562C0004BCD3 /* Smoke.sks */; };
		17A079EC239F772C00F5CA91 /* Constant.swift in Sources */ = {isa = PBXBuildFile; fileRef = 17A079EB239F772C00F5CA91 /* Constant.swift */; };
		17A310F2239F8EA50007E3ED /* CoreBluetooth.framework in Frameworks */ = {isa = PBXBuildFile; fileRef = 17A310F1239F8EA50007E3ED /* CoreBluetooth.framework */; };
		17FAEB91239F999900314E73 /* BlueSTSDK.framework in Frameworks */ = {isa = PBXBuildFile; fileRef = 17FAEB8A239F98FA00314E73 /* BlueSTSDK.framework */; };
		17FAEB94239F9B0D00314E73 /* BlueSTSDK.framework in CopyFiles */ = {isa = PBXBuildFile; fileRef = 17FAEB8A239F98FA00314E73 /* BlueSTSDK.framework */; settings = {ATTRIBUTES = (CodeSignOnCopy, RemoveHeadersOnCopy, ); }; };
		DA175B8623A656CB00659498 /* NodeInfo.swift in Sources */ = {isa = PBXBuildFile; fileRef = DA175B8523A656CB00659498 /* NodeInfo.swift */; };
/* End PBXBuildFile section */

/* Begin PBXContainerItemProxy section */
		17FAEB89239F98FA00314E73 /* PBXContainerItemProxy */ = {
			isa = PBXContainerItemProxy;
			containerPortal = 17FAEB84239F98FA00314E73 /* BlueSTSDK.xcodeproj */;
			proxyType = 2;
			remoteGlobalIDString = 665241F01B0B1BB100931F93;
			remoteInfo = BlueSTSDK;
		};
		17FAEB8B239F98FA00314E73 /* PBXContainerItemProxy */ = {
			isa = PBXContainerItemProxy;
			containerPortal = 17FAEB84239F98FA00314E73 /* BlueSTSDK.xcodeproj */;
			proxyType = 2;
			remoteGlobalIDString = 665241FB1B0B1BB100931F93;
			remoteInfo = BlueSTSDKTests;
		};
/* End PBXContainerItemProxy section */

/* Begin PBXCopyFilesBuildPhase section */
		17FAEB93239F9AFF00314E73 /* CopyFiles */ = {
			isa = PBXCopyFilesBuildPhase;
			buildActionMask = 2147483647;
			dstPath = "";
			dstSubfolderSpec = 10;
			files = (
				17FAEB94239F9B0D00314E73 /* BlueSTSDK.framework in CopyFiles */,
			);
			runOnlyForDeploymentPostprocessing = 0;
		};
/* End PBXCopyFilesBuildPhase section */

/* Begin PBXFileReference section */
		172DCB0823A0E9DB006D3343 /* Enum.swift */ = {isa = PBXFileReference; lastKnownFileType = sourcecode.swift; path = Enum.swift; sourceTree = "<group>"; };
		17405AAF239E542D0004BCD3 /* SensiEDGE Racing Car.app */ = {isa = PBXFileReference; explicitFileType = wrapper.application; includeInIndex = 0; path = "SensiEDGE Racing Car.app"; sourceTree = BUILT_PRODUCTS_DIR; };
		17405AB2239E542D0004BCD3 /* AppDelegate.swift */ = {isa = PBXFileReference; lastKnownFileType = sourcecode.swift; path = AppDelegate.swift; sourceTree = "<group>"; };
		17405AB7239E542D0004BCD3 /* Base */ = {isa = PBXFileReference; lastKnownFileType = file.storyboard; name = Base; path = Base.lproj/Main.storyboard; sourceTree = "<group>"; };
		17405ABA239E542D0004BCD3 /* sensiblecar.xcdatamodel */ = {isa = PBXFileReference; lastKnownFileType = wrapper.xcdatamodel; path = sensiblecar.xcdatamodel; sourceTree = "<group>"; };
		17405ABC239E542F0004BCD3 /* Assets.xcassets */ = {isa = PBXFileReference; lastKnownFileType = folder.assetcatalog; path = Assets.xcassets; sourceTree = "<group>"; };
		17405ABF239E542F0004BCD3 /* Base */ = {isa = PBXFileReference; lastKnownFileType = file.storyboard; name = Base; path = Base.lproj/LaunchScreen.storyboard; sourceTree = "<group>"; };
		17405AC1239E542F0004BCD3 /* Info.plist */ = {isa = PBXFileReference; lastKnownFileType = text.plist.xml; path = Info.plist; sourceTree = "<group>"; };
		17405AC8239E54930004BCD3 /* Car.swift */ = {isa = PBXFileReference; lastKnownFileType = sourcecode.swift; path = Car.swift; sourceTree = "<group>"; };
		17405ACA239E54B10004BCD3 /* GameOverScene.swift */ = {isa = PBXFileReference; lastKnownFileType = sourcecode.swift; path = GameOverScene.swift; sourceTree = "<group>"; };
		17405ACC239E54D10004BCD3 /* MainMenuScene.swift */ = {isa = PBXFileReference; lastKnownFileType = sourcecode.swift; path = MainMenuScene.swift; sourceTree = "<group>"; };
		17405ACE239E54EF0004BCD3 /* GameScene.swift */ = {isa = PBXFileReference; lastKnownFileType = sourcecode.swift; path = GameScene.swift; sourceTree = "<group>"; };
		17405AD0239E55130004BCD3 /* CoreDataManager.swift */ = {isa = PBXFileReference; lastKnownFileType = sourcecode.swift; path = CoreDataManager.swift; sourceTree = "<group>"; };
		17405AD2239E55280004BCD3 /* GameViewController.swift */ = {isa = PBXFileReference; lastKnownFileType = sourcecode.swift; path = GameViewController.swift; sourceTree = "<group>"; };
		17405AD4239E562C0004BCD3 /* GameScene.sks */ = {isa = PBXFileReference; lastKnownFileType = file.sks; path = GameScene.sks; sourceTree = "<group>"; };
		17405AD5239E562C0004BCD3 /* Actions.sks */ = {isa = PBXFileReference; lastKnownFileType = file.sks; path = Actions.sks; sourceTree = "<group>"; };
		17405AD6239E562C0004BCD3 /* MainMenuScene.sks */ = {isa = PBXFileReference; lastKnownFileType = file.sks; path = MainMenuScene.sks; sourceTree = "<group>"; };
		17405AD7239E562C0004BCD3 /* Smoke.sks */ = {isa = PBXFileReference; lastKnownFileType = file.sks; path = Smoke.sks; sourceTree = "<group>"; };
		17A079EB239F772C00F5CA91 /* Constant.swift */ = {isa = PBXFileReference; lastKnownFileType = sourcecode.swift; path = Constant.swift; sourceTree = "<group>"; };
		17A310F1239F8EA50007E3ED /* CoreBluetooth.framework */ = {isa = PBXFileReference; lastKnownFileType = wrapper.framework; name = CoreBluetooth.framework; path = System/Library/Frameworks/CoreBluetooth.framework; sourceTree = SDKROOT; };
		17FAEB84239F98FA00314E73 /* BlueSTSDK.xcodeproj */ = {isa = PBXFileReference; lastKnownFileType = "wrapper.pb-project"; name = BlueSTSDK.xcodeproj; path = BlueSTSDK/BlueSTSDK.xcodeproj; sourceTree = "<group>"; };
		DA175B8523A656CB00659498 /* NodeInfo.swift */ = {isa = PBXFileReference; lastKnownFileType = sourcecode.swift; path = NodeInfo.swift; sourceTree = "<group>"; };
/* End PBXFileReference section */

/* Begin PBXFrameworksBuildPhase section */
		17405AAC239E542D0004BCD3 /* Frameworks */ = {
			isa = PBXFrameworksBuildPhase;
			buildActionMask = 2147483647;
			files = (
				17FAEB91239F999900314E73 /* BlueSTSDK.framework in Frameworks */,
				17A310F2239F8EA50007E3ED /* CoreBluetooth.framework in Frameworks */,
			);
			runOnlyForDeploymentPostprocessing = 0;
		};
/* End PBXFrameworksBuildPhase section */

/* Begin PBXGroup section */
		172DCB0523A0E9B7006D3343 /* enum */ = {
			isa = PBXGroup;
			children = (
				172DCB0823A0E9DB006D3343 /* Enum.swift */,
			);
			path = enum;
			sourceTree = "<group>";
		};
		17405AA6239E542D0004BCD3 = {
			isa = PBXGroup;
			children = (
				17FAEB84239F98FA00314E73 /* BlueSTSDK.xcodeproj */,
				17405AB1239E542D0004BCD3 /* sensiblecar */,
				17405AB0239E542D0004BCD3 /* Products */,
				17A310F0239F8EA50007E3ED /* Frameworks */,
			);
			sourceTree = "<group>";
		};
		17405AB0239E542D0004BCD3 /* Products */ = {
			isa = PBXGroup;
			children = (
				17405AAF239E542D0004BCD3 /* SensiEDGE Racing Car.app */,
			);
			name = Products;
			sourceTree = "<group>";
		};
		17405AB1239E542D0004BCD3 /* sensiblecar */ = {
			isa = PBXGroup;
			children = (
				172DCB0523A0E9B7006D3343 /* enum */,
				17A079EA239F771A00F5CA91 /* Constant */,
				17405AC7239E54880004BCD3 /* model */,
				17405AD5239E562C0004BCD3 /* Actions.sks */,
				17405AD4239E562C0004BCD3 /* GameScene.sks */,
				17405AD6239E562C0004BCD3 /* MainMenuScene.sks */,
				17405AD7239E562C0004BCD3 /* Smoke.sks */,
				17405AB2239E542D0004BCD3 /* AppDelegate.swift */,
				17405ACE239E54EF0004BCD3 /* GameScene.swift */,
				17405ACA239E54B10004BCD3 /* GameOverScene.swift */,
				17405AB6239E542D0004BCD3 /* Main.storyboard */,
				17405ABC239E542F0004BCD3 /* Assets.xcassets */,
				17405ABE239E542F0004BCD3 /* LaunchScreen.storyboard */,
				17405AC1239E542F0004BCD3 /* Info.plist */,
				17405AB9239E542D0004BCD3 /* sensiblecar.xcdatamodeld */,
				17405ACC239E54D10004BCD3 /* MainMenuScene.swift */,
				17405AD0239E55130004BCD3 /* CoreDataManager.swift */,
				17405AD2239E55280004BCD3 /* GameViewController.swift */,
				DA175B8523A656CB00659498 /* NodeInfo.swift */,
			);
			path = sensiblecar;
			sourceTree = "<group>";
		};
		17405AC7239E54880004BCD3 /* model */ = {
			isa = PBXGroup;
			children = (
				17405AC8239E54930004BCD3 /* Car.swift */,
			);
			path = model;
			sourceTree = "<group>";
		};
		17A079EA239F771A00F5CA91 /* Constant */ = {
			isa = PBXGroup;
			children = (
				17A079EB239F772C00F5CA91 /* Constant.swift */,
			);
			path = Constant;
			sourceTree = "<group>";
		};
		17A310F0239F8EA50007E3ED /* Frameworks */ = {
			isa = PBXGroup;
			children = (
				17A310F1239F8EA50007E3ED /* CoreBluetooth.framework */,
			);
			name = Frameworks;
			sourceTree = "<group>";
		};
		17FAEB85239F98FA00314E73 /* Products */ = {
			isa = PBXGroup;
			children = (
				17FAEB8A239F98FA00314E73 /* BlueSTSDK.framework */,
				17FAEB8C239F98FA00314E73 /* BlueSTSDKTests.xctest */,
			);
			name = Products;
			sourceTree = "<group>";
		};
/* End PBXGroup section */

/* Begin PBXNativeTarget section */
		17405AAE239E542D0004BCD3 /* sensiblecar */ = {
			isa = PBXNativeTarget;
			buildConfigurationList = 17405AC4239E542F0004BCD3 /* Build configuration list for PBXNativeTarget "sensiblecar" */;
			buildPhases = (
				17405AAB239E542D0004BCD3 /* Sources */,
				17405AAC239E542D0004BCD3 /* Frameworks */,
				17405AAD239E542D0004BCD3 /* Resources */,
				17FAEB93239F9AFF00314E73 /* CopyFiles */,
			);
			buildRules = (
			);
			dependencies = (
			);
			name = sensiblecar;
			productName = sensiblecar;
			productReference = 17405AAF239E542D0004BCD3 /* SensiEDGE Racing Car.app */;
			productType = "com.apple.product-type.application";
		};
/* End PBXNativeTarget section */

/* Begin PBXProject section */
		17405AA7239E542D0004BCD3 /* Project object */ = {
			isa = PBXProject;
			attributes = {
				LastSwiftUpdateCheck = 1020;
				LastUpgradeCheck = 1130;
				ORGANIZATIONNAME = "Omer Cohen";
				TargetAttributes = {
					17405AAE239E542D0004BCD3 = {
						CreatedOnToolsVersion = 10.2.1;
					};
				};
			};
			buildConfigurationList = 17405AAA239E542D0004BCD3 /* Build configuration list for PBXProject "sensiblecar" */;
			compatibilityVersion = "Xcode 9.3";
			developmentRegion = en;
			hasScannedForEncodings = 0;
			knownRegions = (
				en,
				Base,
				"zh-Hans",
			);
			mainGroup = 17405AA6239E542D0004BCD3;
			productRefGroup = 17405AB0239E542D0004BCD3 /* Products */;
			projectDirPath = "";
			projectReferences = (
				{
					ProductGroup = 17FAEB85239F98FA00314E73 /* Products */;
					ProjectRef = 17FAEB84239F98FA00314E73 /* BlueSTSDK.xcodeproj */;
				},
			);
			projectRoot = "";
			targets = (
				17405AAE239E542D0004BCD3 /* sensiblecar */,
			);
		};
/* End PBXProject section */

/* Begin PBXReferenceProxy section */
		17FAEB8A239F98FA00314E73 /* BlueSTSDK.framework */ = {
			isa = PBXReferenceProxy;
			fileType = wrapper.framework;
			path = BlueSTSDK.framework;
			remoteRef = 17FAEB89239F98FA00314E73 /* PBXContainerItemProxy */;
			sourceTree = BUILT_PRODUCTS_DIR;
		};
		17FAEB8C239F98FA00314E73 /* BlueSTSDKTests.xctest */ = {
			isa = PBXReferenceProxy;
			fileType = wrapper.cfbundle;
			path = BlueSTSDKTests.xctest;
			remoteRef = 17FAEB8B239F98FA00314E73 /* PBXContainerItemProxy */;
			sourceTree = BUILT_PRODUCTS_DIR;
		};
/* End PBXReferenceProxy section */

/* Begin PBXResourcesBuildPhase section */
		17405AAD239E542D0004BCD3 /* Resources */ = {
			isa = PBXResourcesBuildPhase;
			buildActionMask = 2147483647;
			files = (
				17405AD8239E562C0004BCD3 /* GameScene.sks in Resources */,
				17405AC0239E542F0004BCD3 /* LaunchScreen.storyboard in Resources */,
				17405ADB239E562C0004BCD3 /* Smoke.sks in Resources */,
				17405ABD239E542F0004BCD3 /* Assets.xcassets in Resources */,
				17405AB8239E542D0004BCD3 /* Main.storyboard in Resources */,
				17405ADA239E562C0004BCD3 /* MainMenuScene.sks in Resources */,
				17405AD9239E562C0004BCD3 /* Actions.sks in Resources */,
			);
			runOnlyForDeploymentPostprocessing = 0;
		};
/* End PBXResourcesBuildPhase section */

/* Begin PBXSourcesBuildPhase section */
		17405AAB239E542D0004BCD3 /* Sources */ = {
			isa = PBXSourcesBuildPhase;
			buildActionMask = 2147483647;
			files = (
				DA175B8623A656CB00659498 /* NodeInfo.swift in Sources */,
				17405ACD239E54D10004BCD3 /* MainMenuScene.swift in Sources */,
				17405ACB239E54B10004BCD3 /* GameOverScene.swift in Sources */,
				17A079EC239F772C00F5CA91 /* Constant.swift in Sources */,
				17405ABB239E542D0004BCD3 /* sensiblecar.xcdatamodeld in Sources */,
				17405AD3239E55280004BCD3 /* GameViewController.swift in Sources */,
				17405AC9239E54930004BCD3 /* Car.swift in Sources */,
				17405ACF239E54EF0004BCD3 /* GameScene.swift in Sources */,
				17405AD1239E55130004BCD3 /* CoreDataManager.swift in Sources */,
				172DCB0923A0E9DB006D3343 /* Enum.swift in Sources */,
				17405AB3239E542D0004BCD3 /* AppDelegate.swift in Sources */,
			);
			runOnlyForDeploymentPostprocessing = 0;
		};
/* End PBXSourcesBuildPhase section */

/* Begin PBXVariantGroup section */
		17405AB6239E542D0004BCD3 /* Main.storyboard */ = {
			isa = PBXVariantGroup;
			children = (
				17405AB7239E542D0004BCD3 /* Base */,
			);
			name = Main.storyboard;
			sourceTree = "<group>";
		};
		17405ABE239E542F0004BCD3 /* LaunchScreen.storyboard */ = {
			isa = PBXVariantGroup;
			children = (
				17405ABF239E542F0004BCD3 /* Base */,
			);
			name = LaunchScreen.storyboard;
			sourceTree = "<group>";
		};
/* End PBXVariantGroup section */

/* Begin XCBuildConfiguration section */
		17405AC2239E542F0004BCD3 /* Debug */ = {
			isa = XCBuildConfiguration;
			buildSettings = {
				ALWAYS_SEARCH_USER_PATHS = NO;
				CLANG_ANALYZER_LOCALIZABILITY_NONLOCALIZED = YES;
				CLANG_ANALYZER_NONNULL = YES;
				CLANG_ANALYZER_NUMBER_OBJECT_CONVERSION = YES_AGGRESSIVE;
				CLANG_CXX_LANGUAGE_STANDARD = "gnu++14";
				CLANG_CXX_LIBRARY = "libc++";
				CLANG_ENABLE_MODULES = YES;
				CLANG_ENABLE_OBJC_ARC = YES;
				CLANG_ENABLE_OBJC_WEAK = YES;
				CLANG_WARN_BLOCK_CAPTURE_AUTORELEASING = YES;
				CLANG_WARN_BOOL_CONVERSION = YES;
				CLANG_WARN_COMMA = YES;
				CLANG_WARN_CONSTANT_CONVERSION = YES;
				CLANG_WARN_DEPRECATED_OBJC_IMPLEMENTATIONS = YES;
				CLANG_WARN_DIRECT_OBJC_ISA_USAGE = YES_ERROR;
				CLANG_WARN_DOCUMENTATION_COMMENTS = YES;
				CLANG_WARN_EMPTY_BODY = YES;
				CLANG_WARN_ENUM_CONVERSION = YES;
				CLANG_WARN_INFINITE_RECURSION = YES;
				CLANG_WARN_INT_CONVERSION = YES;
				CLANG_WARN_NON_LITERAL_NULL_CONVERSION = YES;
				CLANG_WARN_OBJC_IMPLICIT_RETAIN_SELF = YES;
				CLANG_WARN_OBJC_LITERAL_CONVERSION = YES;
				CLANG_WARN_OBJC_ROOT_CLASS = YES_ERROR;
				CLANG_WARN_RANGE_LOOP_ANALYSIS = YES;
				CLANG_WARN_STRICT_PROTOTYPES = YES;
				CLANG_WARN_SUSPICIOUS_MOVE = YES;
				CLANG_WARN_UNGUARDED_AVAILABILITY = YES_AGGRESSIVE;
				CLANG_WARN_UNREACHABLE_CODE = YES;
				CLANG_WARN__DUPLICATE_METHOD_MATCH = YES;
				CODE_SIGN_IDENTITY = "iPhone Developer";
				COPY_PHASE_STRIP = NO;
				DEBUG_INFORMATION_FORMAT = dwarf;
				ENABLE_STRICT_OBJC_MSGSEND = YES;
				ENABLE_TESTABILITY = YES;
				GCC_C_LANGUAGE_STANDARD = gnu11;
				GCC_DYNAMIC_NO_PIC = NO;
				GCC_NO_COMMON_BLOCKS = YES;
				GCC_OPTIMIZATION_LEVEL = 0;
				GCC_PREPROCESSOR_DEFINITIONS = (
					"DEBUG=1",
					"$(inherited)",
				);
				GCC_WARN_64_TO_32_BIT_CONVERSION = YES;
				GCC_WARN_ABOUT_RETURN_TYPE = YES_ERROR;
				GCC_WARN_UNDECLARED_SELECTOR = YES;
				GCC_WARN_UNINITIALIZED_AUTOS = YES_AGGRESSIVE;
				GCC_WARN_UNUSED_FUNCTION = YES;
				GCC_WARN_UNUSED_VARIABLE = YES;
				IPHONEOS_DEPLOYMENT_TARGET = 11.0;
				MTL_ENABLE_DEBUG_INFO = INCLUDE_SOURCE;
				MTL_FAST_MATH = YES;
				ONLY_ACTIVE_ARCH = YES;
				SDKROOT = iphoneos;
				SWIFT_ACTIVE_COMPILATION_CONDITIONS = DEBUG;
				SWIFT_OPTIMIZATION_LEVEL = "-Onone";
			};
			name = Debug;
		};
		17405AC3239E542F0004BCD3 /* Release */ = {
			isa = XCBuildConfiguration;
			buildSettings = {
				ALWAYS_SEARCH_USER_PATHS = NO;
				CLANG_ANALYZER_LOCALIZABILITY_NONLOCALIZED = YES;
				CLANG_ANALYZER_NONNULL = YES;
				CLANG_ANALYZER_NUMBER_OBJECT_CONVERSION = YES_AGGRESSIVE;
				CLANG_CXX_LANGUAGE_STANDARD = "gnu++14";
				CLANG_CXX_LIBRARY = "libc++";
				CLANG_ENABLE_MODULES = YES;
				CLANG_ENABLE_OBJC_ARC = YES;
				CLANG_ENABLE_OBJC_WEAK = YES;
				CLANG_WARN_BLOCK_CAPTURE_AUTORELEASING = YES;
				CLANG_WARN_BOOL_CONVERSION = YES;
				CLANG_WARN_COMMA = YES;
				CLANG_WARN_CONSTANT_CONVERSION = YES;
				CLANG_WARN_DEPRECATED_OBJC_IMPLEMENTATIONS = YES;
				CLANG_WARN_DIRECT_OBJC_ISA_USAGE = YES_ERROR;
				CLANG_WARN_DOCUMENTATION_COMMENTS = YES;
				CLANG_WARN_EMPTY_BODY = YES;
				CLANG_WARN_ENUM_CONVERSION = YES;
				CLANG_WARN_INFINITE_RECURSION = YES;
				CLANG_WARN_INT_CONVERSION = YES;
				CLANG_WARN_NON_LITERAL_NULL_CONVERSION = YES;
				CLANG_WARN_OBJC_IMPLICIT_RETAIN_SELF = YES;
				CLANG_WARN_OBJC_LITERAL_CONVERSION = YES;
				CLANG_WARN_OBJC_ROOT_CLASS = YES_ERROR;
				CLANG_WARN_RANGE_LOOP_ANALYSIS = YES;
				CLANG_WARN_STRICT_PROTOTYPES = YES;
				CLANG_WARN_SUSPICIOUS_MOVE = YES;
				CLANG_WARN_UNGUARDED_AVAILABILITY = YES_AGGRESSIVE;
				CLANG_WARN_UNREACHABLE_CODE = YES;
				CLANG_WARN__DUPLICATE_METHOD_MATCH = YES;
				CODE_SIGN_IDENTITY = "iPhone Developer";
				COPY_PHASE_STRIP = NO;
				DEBUG_INFORMATION_FORMAT = "dwarf-with-dsym";
				ENABLE_NS_ASSERTIONS = NO;
				ENABLE_STRICT_OBJC_MSGSEND = YES;
				GCC_C_LANGUAGE_STANDARD = gnu11;
				GCC_NO_COMMON_BLOCKS = YES;
				GCC_WARN_64_TO_32_BIT_CONVERSION = YES;
				GCC_WARN_ABOUT_RETURN_TYPE = YES_ERROR;
				GCC_WARN_UNDECLARED_SELECTOR = YES;
				GCC_WARN_UNINITIALIZED_AUTOS = YES_AGGRESSIVE;
				GCC_WARN_UNUSED_FUNCTION = YES;
				GCC_WARN_UNUSED_VARIABLE = YES;
				IPHONEOS_DEPLOYMENT_TARGET = 11.0;
				MTL_ENABLE_DEBUG_INFO = NO;
				MTL_FAST_MATH = YES;
				SDKROOT = iphoneos;
				SWIFT_COMPILATION_MODE = wholemodule;
				SWIFT_OPTIMIZATION_LEVEL = "-O";
				VALIDATE_PRODUCT = YES;
			};
			name = Release;
		};
		17405AC5239E542F0004BCD3 /* Debug */ = {
			isa = XCBuildConfiguration;
			buildSettings = {
				ASSETCATALOG_COMPILER_APPICON_NAME = AppIcon;
				CODE_SIGN_STYLE = Automatic;
				CURRENT_PROJECT_VERSION = 1;
				DEVELOPMENT_TEAM = 3K3Q4658XN;
				INFOPLIST_FILE = sensiblecar/Info.plist;
				LD_RUNPATH_SEARCH_PATHS = (
					"$(inherited)",
					"@executable_path/Frameworks",
				);
				MARKETING_VERSION = 1.1.1;
				PRODUCT_BUNDLE_IDENTIFIER = com.msapps.sensiblecar;
				PRODUCT_NAME = "SensiEDGE Racing Car";
				SWIFT_VERSION = 5.0;
				TARGETED_DEVICE_FAMILY = "1,2";
			};
			name = Debug;
		};
		17405AC6239E542F0004BCD3 /* Release */ = {
			isa = XCBuildConfiguration;
			buildSettings = {
				ASSETCATALOG_COMPILER_APPICON_NAME = AppIcon;
				CODE_SIGN_STYLE = Automatic;
				CURRENT_PROJECT_VERSION = 1;
				DEVELOPMENT_TEAM = 3K3Q4658XN;
				INFOPLIST_FILE = sensiblecar/Info.plist;
				LD_RUNPATH_SEARCH_PATHS = (
					"$(inherited)",
					"@executable_path/Frameworks",
				);
				MARKETING_VERSION = 1.1.1;
				PRODUCT_BUNDLE_IDENTIFIER = com.msapps.sensiblecar;
				PRODUCT_NAME = "SensiEDGE Racing Car";
				SWIFT_VERSION = 5.0;
				TARGETED_DEVICE_FAMILY = "1,2";
			};
			name = Release;
		};
/* End XCBuildConfiguration section */

/* Begin XCConfigurationList section */
		17405AAA239E542D0004BCD3 /* Build configuration list for PBXProject "sensiblecar" */ = {
			isa = XCConfigurationList;
			buildConfigurations = (
				17405AC2239E542F0004BCD3 /* Debug */,
				17405AC3239E542F0004BCD3 /* Release */,
			);
			defaultConfigurationIsVisible = 0;
			defaultConfigurationName = Release;
		};
		17405AC4239E542F0004BCD3 /* Build configuration list for PBXNativeTarget "sensiblecar" */ = {
			isa = XCConfigurationList;
			buildConfigurations = (
				17405AC5239E542F0004BCD3 /* Debug */,
				17405AC6239E542F0004BCD3 /* Release */,
			);
			defaultConfigurationIsVisible = 0;
			defaultConfigurationName = Release;
		};
/* End XCConfigurationList section */

/* Begin XCVersionGroup section */
		17405AB9239E542D0004BCD3 /* sensiblecar.xcdatamodeld */ = {
			isa = XCVersionGroup;
			children = (
				17405ABA239E542D0004BCD3 /* sensiblecar.xcdatamodel */,
			);
			currentVersion = 17405ABA239E542D0004BCD3 /* sensiblecar.xcdatamodel */;
			path = sensiblecar.xcdatamodeld;
			sourceTree = "<group>";
			versionGroupType = wrapper.xcdatamodel;
		};
/* End XCVersionGroup section */
	};
	rootObject = 17405AA7239E542D0004BCD3 /* Project object */;
}
